
Microsoft Visual Studio Solution File, Format Version 12.00
# Visual Studio Version 16
VisualStudioVersion = 16.0.32602.291
MinimumVisualStudioVersion = 10.0.40219.1
Project("{FAE04EC0-301F-11D3-BF4B-00C04F79EFBC}") = "MathQuizGame", "MathQuizGame\MathQuizGame.csproj", "{86560A6C-F93D-4149-B1DF-F7C965F986FD}"
EndProject
Global
	GlobalSection(SolutionConfigurationPlatforms) = preSolution
		Debug|Any CPU = Debug|Any CPU
		Release|Any CPU = Release|Any CPU
	EndGlobalSection
	GlobalSection(ProjectConfigurationPlatforms) = postSolution
		{86560A6C-F93D-4149-B1DF-F7C965F986FD}.Debug|Any CPU.ActiveCfg = Debug|Any CPU
		{86560A6C-F93D-4149-B1DF-F7C965F986FD}.Debug|Any CPU.Build.0 = Debug|Any CPU
		{86560A6C-F93D-4149-B1DF-F7C965F986FD}.Release|Any CPU.ActiveCfg = Release|Any CPU
		{86560A6C-F93D-4149-B1DF-F7C965F986FD}.Release|Any CPU.Build.0 = Release|Any CPU
	EndGlobalSection
	GlobalSection(SolutionProperties) = preSolution
		HideSolutionNode = FALSE
	EndGlobalSection
	GlobalSection(ExtensibilityGlobals) = postSolution
		SolutionGuid = {F9202B53-6063-4BBF-A2DE-245FDD81C4AA}
	EndGlobalSection
EndGlobal
